// !$*UTF8*$!
{
	archiveVersion = 1;
	classes = {
	};
	objectVersion = 56;
	objects = {

/* Begin PBXBuildFile section */
		97D023972EE1A5B900D9D1D1 /* ShiftRulesEngine.swift in Sources */ = {isa = PBXBuildFile; fileRef = 97D023962EE1A5B900D9D1D1 /* ShiftRulesEngine.swift */; };
		97D023992EE1A5F400D9D1D1 /* AuthService.swift in Sources */ = {isa = PBXBuildFile; fileRef = 97D023982EE1A5F400D9D1D1 /* AuthService.swift */; };
		97D0239B2EE1A60F00D9D1D1 /* ShiftRepository.swift in Sources */ = {isa = PBXBuildFile; fileRef = 97D0239A2EE1A60F00D9D1D1 /* ShiftRepository.swift */; };
		97D0239D2EE1AC3E00D9D1D1 /* RootView.swift in Sources */ = {isa = PBXBuildFile; fileRef = 97D0239C2EE1AC3E00D9D1D1 /* RootView.swift */; };
		97D0239F2EE1AC5D00D9D1D1 /* LoginView.swift in Sources */ = {isa = PBXBuildFile; fileRef = 97D0239E2EE1AC5D00D9D1D1 /* LoginView.swift */; };
		97D023A12EE1AC7E00D9D1D1 /* MainTabView.swift in Sources */ = {isa = PBXBuildFile; fileRef = 97D023A02EE1AC7E00D9D1D1 /* MainTabView.swift */; };
		97D023A32EE1ACDF00D9D1D1 /* CalendarView.swift in Sources */ = {isa = PBXBuildFile; fileRef = 97D023A22EE1ACDF00D9D1D1 /* CalendarView.swift */; };
		97D023A52EE1ACF700D9D1D1 /* ShiftChangeView.swift in Sources */ = {isa = PBXBuildFile; fileRef = 97D023A42EE1ACF700D9D1D1 /* ShiftChangeView.swift */; };
		97D023A72EE1AD3B00D9D1D1 /* ShiftMarketplaceView.swift in Sources */ = {isa = PBXBuildFile; fileRef = 97D023A62EE1AD3B00D9D1D1 /* ShiftMarketplaceView.swift */; };
		97D023A92EE1AD5D00D9D1D1 /* SettingsView.swift in Sources */ = {isa = PBXBuildFile; fileRef = 97D023A82EE1AD5D00D9D1D1 /* SettingsView.swift */; };
		97D023B12EE1AF5E00D9D1D1 /* PlantDetailView.swift in Sources */ = {isa = PBXBuildFile; fileRef = 97D023B02EE1AF5E00D9D1D1 /* PlantDetailView.swift */; };
		97D023B32EE1AF8000D9D1D1 /* Chat.swift in Sources */ = {isa = PBXBuildFile; fileRef = 97D023B22EE1AF8000D9D1D1 /* Chat.swift */; };
		97D023B52EE1AF9500D9D1D1 /* StatisticsView.swift in Sources */ = {isa = PBXBuildFile; fileRef = 97D023B42EE1AF9500D9D1D1 /* StatisticsView.swift */; };
		97D023B72EE1AFCB00D9D1D1 /* User.swift in Sources */ = {isa = PBXBuildFile; fileRef = 97D023B62EE1AFCB00D9D1D1 /* User.swift */; };
		97D023B92EE1AFDE00D9D1D1 /* Shift.swift in Sources */ = {isa = PBXBuildFile; fileRef = 97D023B82EE1AFDE00D9D1D1 /* Shift.swift */; };
		97D023BB2EE1AFF000D9D1D1 /* ShiftRequest.swift in Sources */ = {isa = PBXBuildFile; fileRef = 97D023BA2EE1AFF000D9D1D1 /* ShiftRequest.swift */; };
		97D023BD2EE1B21800D9D1D1 /* GoogleService-Info.plist in Resources */ = {isa = PBXBuildFile; fileRef = 97D023BC2EE1B21800D9D1D1 /* GoogleService-Info.plist */; };
		97D023C32EE1B73600D9D1D1 /* FirebaseAuth in Frameworks */ = {isa = PBXBuildFile; productRef = 97D023C22EE1B73600D9D1D1 /* FirebaseAuth */; };
		97D023C52EE1B73600D9D1D1 /* FirebaseDatabase in Frameworks */ = {isa = PBXBuildFile; productRef = 97D023C42EE1B73600D9D1D1 /* FirebaseDatabase */; };
		97D023C72EE1B73600D9D1D1 /* FirebaseMessaging in Frameworks */ = {isa = PBXBuildFile; productRef = 97D023C62EE1B73600D9D1D1 /* FirebaseMessaging */; };
		97D023CA2EE1B8CB00D9D1D1 /* TurnosHospi_IOSTests.swift in Sources */ = {isa = PBXBuildFile; fileRef = 97D023C92EE1B8CB00D9D1D1 /* TurnosHospi_IOSTests.swift */; };
		97E962C82EE18973006E7707 /* TurnosHospi_IOSApp.swift in Sources */ = {isa = PBXBuildFile; fileRef = 97E962C72EE18973006E7707 /* TurnosHospi_IOSApp.swift */; };
		97E962CA2EE18973006E7707 /* ContentView.swift in Sources */ = {isa = PBXBuildFile; fileRef = 97E962C92EE18973006E7707 /* ContentView.swift */; };
		97E962CC2EE18976006E7707 /* Assets.xcassets in Resources */ = {isa = PBXBuildFile; fileRef = 97E962CB2EE18976006E7707 /* Assets.xcassets */; };
		97E962D02EE18976006E7707 /* Preview Assets.xcassets in Resources */ = {isa = PBXBuildFile; fileRef = 97E962CF2EE18976006E7707 /* Preview Assets.xcassets */; };
		97E962E42EE18977006E7707 /* TurnosHospi_IOSUITests.swift in Sources */ = {isa = PBXBuildFile; fileRef = 97E962E32EE18977006E7707 /* TurnosHospi_IOSUITests.swift */; };
		97E962E62EE18977006E7707 /* TurnosHospi_IOSUITestsLaunchTests.swift in Sources */ = {isa = PBXBuildFile; fileRef = 97E962E52EE18977006E7707 /* TurnosHospi_IOSUITestsLaunchTests.swift */; };
/* End PBXBuildFile section */

/* Begin PBXContainerItemProxy section */
		97E962D62EE18976006E7707 /* PBXContainerItemProxy */ = {
			isa = PBXContainerItemProxy;
			containerPortal = 97E962BC2EE18973006E7707 /* Project object */;
			proxyType = 1;
			remoteGlobalIDString = 97E962C32EE18973006E7707;
			remoteInfo = TurnosHospi_IOS;
		};
		97E962E02EE18976006E7707 /* PBXContainerItemProxy */ = {
			isa = PBXContainerItemProxy;
			containerPortal = 97E962BC2EE18973006E7707 /* Project object */;
			proxyType = 1;
			remoteGlobalIDString = 97E962C32EE18973006E7707;
			remoteInfo = TurnosHospi_IOS;
		};
/* End PBXContainerItemProxy section */

/* Begin PBXFileReference section */
		97D023962EE1A5B900D9D1D1 /* ShiftRulesEngine.swift */ = {isa = PBXFileReference; lastKnownFileType = sourcecode.swift; path = ShiftRulesEngine.swift; sourceTree = "<group>"; };
		97D023982EE1A5F400D9D1D1 /* AuthService.swift */ = {isa = PBXFileReference; lastKnownFileType = sourcecode.swift; path = AuthService.swift; sourceTree = "<group>"; };
		97D0239A2EE1A60F00D9D1D1 /* ShiftRepository.swift */ = {isa = PBXFileReference; lastKnownFileType = sourcecode.swift; path = ShiftRepository.swift; sourceTree = "<group>"; };
		97D0239C2EE1AC3E00D9D1D1 /* RootView.swift */ = {isa = PBXFileReference; lastKnownFileType = sourcecode.swift; path = RootView.swift; sourceTree = "<group>"; };
		97D0239E2EE1AC5D00D9D1D1 /* LoginView.swift */ = {isa = PBXFileReference; lastKnownFileType = sourcecode.swift; path = LoginView.swift; sourceTree = "<group>"; };
		97D023A02EE1AC7E00D9D1D1 /* MainTabView.swift */ = {isa = PBXFileReference; lastKnownFileType = sourcecode.swift; path = MainTabView.swift; sourceTree = "<group>"; };
		97D023A22EE1ACDF00D9D1D1 /* CalendarView.swift */ = {isa = PBXFileReference; lastKnownFileType = sourcecode.swift; path = CalendarView.swift; sourceTree = "<group>"; };
		97D023A42EE1ACF700D9D1D1 /* ShiftChangeView.swift */ = {isa = PBXFileReference; lastKnownFileType = sourcecode.swift; path = ShiftChangeView.swift; sourceTree = "<group>"; };
		97D023A62EE1AD3B00D9D1D1 /* ShiftMarketplaceView.swift */ = {isa = PBXFileReference; lastKnownFileType = sourcecode.swift; path = ShiftMarketplaceView.swift; sourceTree = "<group>"; };
		97D023A82EE1AD5D00D9D1D1 /* SettingsView.swift */ = {isa = PBXFileReference; lastKnownFileType = sourcecode.swift; path = SettingsView.swift; sourceTree = "<group>"; };
		97D023B02EE1AF5E00D9D1D1 /* PlantDetailView.swift */ = {isa = PBXFileReference; lastKnownFileType = sourcecode.swift; path = PlantDetailView.swift; sourceTree = "<group>"; };
		97D023B22EE1AF8000D9D1D1 /* Chat.swift */ = {isa = PBXFileReference; lastKnownFileType = sourcecode.swift; path = Chat.swift; sourceTree = "<group>"; };
		97D023B42EE1AF9500D9D1D1 /* StatisticsView.swift */ = {isa = PBXFileReference; lastKnownFileType = sourcecode.swift; path = StatisticsView.swift; sourceTree = "<group>"; };
		97D023B62EE1AFCB00D9D1D1 /* User.swift */ = {isa = PBXFileReference; lastKnownFileType = sourcecode.swift; path = User.swift; sourceTree = "<group>"; };
		97D023B82EE1AFDE00D9D1D1 /* Shift.swift */ = {isa = PBXFileReference; lastKnownFileType = sourcecode.swift; path = Shift.swift; sourceTree = "<group>"; };
		97D023BA2EE1AFF000D9D1D1 /* ShiftRequest.swift */ = {isa = PBXFileReference; lastKnownFileType = sourcecode.swift; path = ShiftRequest.swift; sourceTree = "<group>"; };
		97D023BC2EE1B21800D9D1D1 /* GoogleService-Info.plist */ = {isa = PBXFileReference; fileEncoding = 4; lastKnownFileType = text.plist.xml; name = "GoogleService-Info.plist"; path = "../../../../Downloads/GoogleService-Info.plist"; sourceTree = "<group>"; };
		97D023C82EE1B8CB00D9D1D1 /* TurnosHospi_IOSTests-Bridging-Header.h */ = {isa = PBXFileReference; lastKnownFileType = sourcecode.c.h; path = "TurnosHospi_IOSTests-Bridging-Header.h"; sourceTree = "<group>"; };
		97D023C92EE1B8CB00D9D1D1 /* TurnosHospi_IOSTests.swift */ = {isa = PBXFileReference; lastKnownFileType = sourcecode.swift; path = TurnosHospi_IOSTests.swift; sourceTree = "<group>"; };
		97E962C42EE18973006E7707 /* TurnosHospi_IOS.app */ = {isa = PBXFileReference; explicitFileType = wrapper.application; includeInIndex = 0; path = TurnosHospi_IOS.app; sourceTree = BUILT_PRODUCTS_DIR; };
		97E962C72EE18973006E7707 /* TurnosHospi_IOSApp.swift */ = {isa = PBXFileReference; lastKnownFileType = sourcecode.swift; path = TurnosHospi_IOSApp.swift; sourceTree = "<group>"; };
		97E962C92EE18973006E7707 /* ContentView.swift */ = {isa = PBXFileReference; lastKnownFileType = sourcecode.swift; path = ContentView.swift; sourceTree = "<group>"; };
		97E962CB2EE18976006E7707 /* Assets.xcassets */ = {isa = PBXFileReference; lastKnownFileType = folder.assetcatalog; path = Assets.xcassets; sourceTree = "<group>"; };
		97E962CD2EE18976006E7707 /* TurnosHospi_IOS.entitlements */ = {isa = PBXFileReference; lastKnownFileType = text.plist.entitlements; path = TurnosHospi_IOS.entitlements; sourceTree = "<group>"; };
		97E962CF2EE18976006E7707 /* Preview Assets.xcassets */ = {isa = PBXFileReference; lastKnownFileType = folder.assetcatalog; path = "Preview Assets.xcassets"; sourceTree = "<group>"; };
		97E962D52EE18976006E7707 /* TurnosHospi_IOSTests.xctest */ = {isa = PBXFileReference; explicitFileType = wrapper.cfbundle; includeInIndex = 0; path = TurnosHospi_IOSTests.xctest; sourceTree = BUILT_PRODUCTS_DIR; };
		97E962DF2EE18976006E7707 /* TurnosHospi_IOSUITests.xctest */ = {isa = PBXFileReference; explicitFileType = wrapper.cfbundle; includeInIndex = 0; path = TurnosHospi_IOSUITests.xctest; sourceTree = BUILT_PRODUCTS_DIR; };
		97E962E32EE18977006E7707 /* TurnosHospi_IOSUITests.swift */ = {isa = PBXFileReference; lastKnownFileType = sourcecode.swift; path = TurnosHospi_IOSUITests.swift; sourceTree = "<group>"; };
		97E962E52EE18977006E7707 /* TurnosHospi_IOSUITestsLaunchTests.swift */ = {isa = PBXFileReference; lastKnownFileType = sourcecode.swift; path = TurnosHospi_IOSUITestsLaunchTests.swift; sourceTree = "<group>"; };
/* End PBXFileReference section */

/* Begin PBXFrameworksBuildPhase section */
		97E962C12EE18973006E7707 /* Frameworks */ = {
			isa = PBXFrameworksBuildPhase;
			buildActionMask = 2147483647;
			files = (
				97D023C72EE1B73600D9D1D1 /* FirebaseMessaging in Frameworks */,
				97D023C52EE1B73600D9D1D1 /* FirebaseDatabase in Frameworks */,
				97D023C32EE1B73600D9D1D1 /* FirebaseAuth in Frameworks */,
			);
			runOnlyForDeploymentPostprocessing = 0;
		};
		97E962D22EE18976006E7707 /* Frameworks */ = {
			isa = PBXFrameworksBuildPhase;
			buildActionMask = 2147483647;
			files = (
			);
			runOnlyForDeploymentPostprocessing = 0;
		};
		97E962DC2EE18976006E7707 /* Frameworks */ = {
			isa = PBXFrameworksBuildPhase;
			buildActionMask = 2147483647;
			files = (
			);
			runOnlyForDeploymentPostprocessing = 0;
		};
/* End PBXFrameworksBuildPhase section */

/* Begin PBXGroup section */
		97E962BB2EE18973006E7707 = {
			isa = PBXGroup;
			children = (
				97E962C62EE18973006E7707 /* TurnosHospi_IOS */,
				97E962D82EE18976006E7707 /* TurnosHospi_IOSTests */,
				97E962E22EE18976006E7707 /* TurnosHospi_IOSUITests */,
				97E962C52EE18973006E7707 /* Products */,
			);
			sourceTree = "<group>";
		};
		97E962C52EE18973006E7707 /* Products */ = {
			isa = PBXGroup;
			children = (
				97E962C42EE18973006E7707 /* TurnosHospi_IOS.app */,
				97E962D52EE18976006E7707 /* TurnosHospi_IOSTests.xctest */,
				97E962DF2EE18976006E7707 /* TurnosHospi_IOSUITests.xctest */,
			);
			name = Products;
			sourceTree = "<group>";
		};
		97E962C62EE18973006E7707 /* TurnosHospi_IOS */ = {
			isa = PBXGroup;
			children = (
				97E962C72EE18973006E7707 /* TurnosHospi_IOSApp.swift */,
				97D023BC2EE1B21800D9D1D1 /* GoogleService-Info.plist */,
				97E962C92EE18973006E7707 /* ContentView.swift */,
				97E962CB2EE18976006E7707 /* Assets.xcassets */,
				97E962CD2EE18976006E7707 /* TurnosHospi_IOS.entitlements */,
				97E962CE2EE18976006E7707 /* Preview Content */,
				97D023962EE1A5B900D9D1D1 /* ShiftRulesEngine.swift */,
				97D023982EE1A5F400D9D1D1 /* AuthService.swift */,
				97D0239A2EE1A60F00D9D1D1 /* ShiftRepository.swift */,
				97D0239C2EE1AC3E00D9D1D1 /* RootView.swift */,
				97D023B02EE1AF5E00D9D1D1 /* PlantDetailView.swift */,
				97D023B22EE1AF8000D9D1D1 /* Chat.swift */,
				97D023B42EE1AF9500D9D1D1 /* StatisticsView.swift */,
				97D0239E2EE1AC5D00D9D1D1 /* LoginView.swift */,
				97D023A02EE1AC7E00D9D1D1 /* MainTabView.swift */,
				97D023A22EE1ACDF00D9D1D1 /* CalendarView.swift */,
				97D023A42EE1ACF700D9D1D1 /* ShiftChangeView.swift */,
				97D023BA2EE1AFF000D9D1D1 /* ShiftRequest.swift */,
				97D023B62EE1AFCB00D9D1D1 /* User.swift */,
				97D023B82EE1AFDE00D9D1D1 /* Shift.swift */,
				97D023A62EE1AD3B00D9D1D1 /* ShiftMarketplaceView.swift */,
				97D023A82EE1AD5D00D9D1D1 /* SettingsView.swift */,
			);
			path = TurnosHospi_IOS;
			sourceTree = "<group>";
		};
		97E962CE2EE18976006E7707 /* Preview Content */ = {
			isa = PBXGroup;
			children = (
				97E962CF2EE18976006E7707 /* Preview Assets.xcassets */,
			);
			path = "Preview Content";
			sourceTree = "<group>";
		};
		97E962D82EE18976006E7707 /* TurnosHospi_IOSTests */ = {
			isa = PBXGroup;
			children = (
				97D023C92EE1B8CB00D9D1D1 /* TurnosHospi_IOSTests.swift */,
				97D023C82EE1B8CB00D9D1D1 /* TurnosHospi_IOSTests-Bridging-Header.h */,
			);
			path = TurnosHospi_IOSTests;
			sourceTree = "<group>";
		};
		97E962E22EE18976006E7707 /* TurnosHospi_IOSUITests */ = {
			isa = PBXGroup;
			children = (
				97E962E32EE18977006E7707 /* TurnosHospi_IOSUITests.swift */,
				97E962E52EE18977006E7707 /* TurnosHospi_IOSUITestsLaunchTests.swift */,
			);
			path = TurnosHospi_IOSUITests;
			sourceTree = "<group>";
		};
/* End PBXGroup section */

/* Begin PBXNativeTarget section */
		97E962C32EE18973006E7707 /* TurnosHospi_IOS */ = {
			isa = PBXNativeTarget;
			buildConfigurationList = 97E962E92EE18977006E7707 /* Build configuration list for PBXNativeTarget "TurnosHospi_IOS" */;
			buildPhases = (
				97E962C02EE18973006E7707 /* Sources */,
				97E962C12EE18973006E7707 /* Frameworks */,
				97E962C22EE18973006E7707 /* Resources */,
			);
			buildRules = (
			);
			dependencies = (
			);
			name = TurnosHospi_IOS;
			packageProductDependencies = (
				97D023C22EE1B73600D9D1D1 /* FirebaseAuth */,
				97D023C42EE1B73600D9D1D1 /* FirebaseDatabase */,
				97D023C62EE1B73600D9D1D1 /* FirebaseMessaging */,
			);
			productName = TurnosHospi_IOS;
			productReference = 97E962C42EE18973006E7707 /* TurnosHospi_IOS.app */;
			productType = "com.apple.product-type.application";
		};
		97E962D42EE18976006E7707 /* TurnosHospi_IOSTests */ = {
			isa = PBXNativeTarget;
			buildConfigurationList = 97E962EC2EE18977006E7707 /* Build configuration list for PBXNativeTarget "TurnosHospi_IOSTests" */;
			buildPhases = (
				97E962D12EE18976006E7707 /* Sources */,
				97E962D22EE18976006E7707 /* Frameworks */,
				97E962D32EE18976006E7707 /* Resources */,
			);
			buildRules = (
			);
			dependencies = (
				97E962D72EE18976006E7707 /* PBXTargetDependency */,
			);
			name = TurnosHospi_IOSTests;
			productName = TurnosHospi_IOSTests;
			productReference = 97E962D52EE18976006E7707 /* TurnosHospi_IOSTests.xctest */;
			productType = "com.apple.product-type.bundle.unit-test";
		};
		97E962DE2EE18976006E7707 /* TurnosHospi_IOSUITests */ = {
			isa = PBXNativeTarget;
			buildConfigurationList = 97E962EF2EE18977006E7707 /* Build configuration list for PBXNativeTarget "TurnosHospi_IOSUITests" */;
			buildPhases = (
				97E962DB2EE18976006E7707 /* Sources */,
				97E962DC2EE18976006E7707 /* Frameworks */,
				97E962DD2EE18976006E7707 /* Resources */,
			);
			buildRules = (
			);
			dependencies = (
				97E962E12EE18976006E7707 /* PBXTargetDependency */,
			);
			name = TurnosHospi_IOSUITests;
			productName = TurnosHospi_IOSUITests;
			productReference = 97E962DF2EE18976006E7707 /* TurnosHospi_IOSUITests.xctest */;
			productType = "com.apple.product-type.bundle.ui-testing";
		};
/* End PBXNativeTarget section */

/* Begin PBXProject section */
		97E962BC2EE18973006E7707 /* Project object */ = {
			isa = PBXProject;
			attributes = {
				BuildIndependentTargetsInParallel = 1;
				LastSwiftUpdateCheck = 1430;
				LastUpgradeCheck = 1430;
				TargetAttributes = {
					97E962C32EE18973006E7707 = {
						CreatedOnToolsVersion = 14.3.1;
					};
					97E962D42EE18976006E7707 = {
						CreatedOnToolsVersion = 14.3.1;
						LastSwiftMigration = 1430;
						TestTargetID = 97E962C32EE18973006E7707;
					};
					97E962DE2EE18976006E7707 = {
						CreatedOnToolsVersion = 14.3.1;
						TestTargetID = 97E962C32EE18973006E7707;
					};
				};
			};
			buildConfigurationList = 97E962BF2EE18973006E7707 /* Build configuration list for PBXProject "TurnosHospi_IOS" */;
			compatibilityVersion = "Xcode 14.0";
			developmentRegion = en;
			hasScannedForEncodings = 0;
			knownRegions = (
				en,
				Base,
			);
			mainGroup = 97E962BB2EE18973006E7707;
			packageReferences = (
				97D023C12EE1B73600D9D1D1 /* XCRemoteSwiftPackageReference "firebase-ios-sdk" */,
			);
			productRefGroup = 97E962C52EE18973006E7707 /* Products */;
			projectDirPath = "";
			projectRoot = "";
			targets = (
				97E962C32EE18973006E7707 /* TurnosHospi_IOS */,
				97E962D42EE18976006E7707 /* TurnosHospi_IOSTests */,
				97E962DE2EE18976006E7707 /* TurnosHospi_IOSUITests */,
			);
		};
/* End PBXProject section */

/* Begin PBXResourcesBuildPhase section */
		97E962C22EE18973006E7707 /* Resources */ = {
			isa = PBXResourcesBuildPhase;
			buildActionMask = 2147483647;
			files = (
				97E962D02EE18976006E7707 /* Preview Assets.xcassets in Resources */,
				97E962CC2EE18976006E7707 /* Assets.xcassets in Resources */,
				97D023BD2EE1B21800D9D1D1 /* GoogleService-Info.plist in Resources */,
			);
			runOnlyForDeploymentPostprocessing = 0;
		};
		97E962D32EE18976006E7707 /* Resources */ = {
			isa = PBXResourcesBuildPhase;
			buildActionMask = 2147483647;
			files = (
			);
			runOnlyForDeploymentPostprocessing = 0;
		};
		97E962DD2EE18976006E7707 /* Resources */ = {
			isa = PBXResourcesBuildPhase;
			buildActionMask = 2147483647;
			files = (
			);
			runOnlyForDeploymentPostprocessing = 0;
		};
/* End PBXResourcesBuildPhase section */

/* Begin PBXSourcesBuildPhase section */
		97E962C02EE18973006E7707 /* Sources */ = {
			isa = PBXSourcesBuildPhase;
			buildActionMask = 2147483647;
			files = (
				97D023A32EE1ACDF00D9D1D1 /* CalendarView.swift in Sources */,
				97D0239B2EE1A60F00D9D1D1 /* ShiftRepository.swift in Sources */,
				97D023972EE1A5B900D9D1D1 /* ShiftRulesEngine.swift in Sources */,
				97D023A12EE1AC7E00D9D1D1 /* MainTabView.swift in Sources */,
				97D023B92EE1AFDE00D9D1D1 /* Shift.swift in Sources */,
				97D023B72EE1AFCB00D9D1D1 /* User.swift in Sources */,
				97D023BB2EE1AFF000D9D1D1 /* ShiftRequest.swift in Sources */,
				97E962CA2EE18973006E7707 /* ContentView.swift in Sources */,
				97D023B52EE1AF9500D9D1D1 /* StatisticsView.swift in Sources */,
				97D023992EE1A5F400D9D1D1 /* AuthService.swift in Sources */,
				97D023B12EE1AF5E00D9D1D1 /* PlantDetailView.swift in Sources */,
				97D0239D2EE1AC3E00D9D1D1 /* RootView.swift in Sources */,
				97D023A72EE1AD3B00D9D1D1 /* ShiftMarketplaceView.swift in Sources */,
				97D0239F2EE1AC5D00D9D1D1 /* LoginView.swift in Sources */,
				97D023A52EE1ACF700D9D1D1 /* ShiftChangeView.swift in Sources */,
				97E962C82EE18973006E7707 /* TurnosHospi_IOSApp.swift in Sources */,
				97D023B32EE1AF8000D9D1D1 /* Chat.swift in Sources */,
				97D023A92EE1AD5D00D9D1D1 /* SettingsView.swift in Sources */,
			);
			runOnlyForDeploymentPostprocessing = 0;
		};
		97E962D12EE18976006E7707 /* Sources */ = {
			isa = PBXSourcesBuildPhase;
			buildActionMask = 2147483647;
			files = (
				97D023CA2EE1B8CB00D9D1D1 /* TurnosHospi_IOSTests.swift in Sources */,
			);
			runOnlyForDeploymentPostprocessing = 0;
		};
		97E962DB2EE18976006E7707 /* Sources */ = {
			isa = PBXSourcesBuildPhase;
			buildActionMask = 2147483647;
			files = (
				97E962E42EE18977006E7707 /* TurnosHospi_IOSUITests.swift in Sources */,
				97E962E62EE18977006E7707 /* TurnosHospi_IOSUITestsLaunchTests.swift in Sources */,
			);
			runOnlyForDeploymentPostprocessing = 0;
		};
/* End PBXSourcesBuildPhase section */

/* Begin PBXTargetDependency section */
		97E962D72EE18976006E7707 /* PBXTargetDependency */ = {
			isa = PBXTargetDependency;
			target = 97E962C32EE18973006E7707 /* TurnosHospi_IOS */;
			targetProxy = 97E962D62EE18976006E7707 /* PBXContainerItemProxy */;
		};
		97E962E12EE18976006E7707 /* PBXTargetDependency */ = {
			isa = PBXTargetDependency;
			target = 97E962C32EE18973006E7707 /* TurnosHospi_IOS */;
			targetProxy = 97E962E02EE18976006E7707 /* PBXContainerItemProxy */;
		};
/* End PBXTargetDependency section */

/* Begin XCBuildConfiguration section */
		97E962E72EE18977006E7707 /* Debug */ = {
			isa = XCBuildConfiguration;
			buildSettings = {
				ALWAYS_SEARCH_USER_PATHS = NO;
				CLANG_ANALYZER_NONNULL = YES;
				CLANG_ANALYZER_NUMBER_OBJECT_CONVERSION = YES_AGGRESSIVE;
				CLANG_CXX_LANGUAGE_STANDARD = "gnu++20";
				CLANG_ENABLE_MODULES = YES;
				CLANG_ENABLE_OBJC_ARC = YES;
				CLANG_ENABLE_OBJC_WEAK = YES;
				CLANG_WARN_BLOCK_CAPTURE_AUTORELEASING = YES;
				CLANG_WARN_BOOL_CONVERSION = YES;
				CLANG_WARN_COMMA = YES;
				CLANG_WARN_CONSTANT_CONVERSION = YES;
				CLANG_WARN_DEPRECATED_OBJC_IMPLEMENTATIONS = YES;
				CLANG_WARN_DIRECT_OBJC_ISA_USAGE = YES_ERROR;
				CLANG_WARN_DOCUMENTATION_COMMENTS = YES;
				CLANG_WARN_EMPTY_BODY = YES;
				CLANG_WARN_ENUM_CONVERSION = YES;
				CLANG_WARN_INFINITE_RECURSION = YES;
				CLANG_WARN_INT_CONVERSION = YES;
				CLANG_WARN_NON_LITERAL_NULL_CONVERSION = YES;
				CLANG_WARN_OBJC_IMPLICIT_RETAIN_SELF = YES;
				CLANG_WARN_OBJC_LITERAL_CONVERSION = YES;
				CLANG_WARN_OBJC_ROOT_CLASS = YES_ERROR;
				CLANG_WARN_QUOTED_INCLUDE_IN_FRAMEWORK_HEADER = YES;
				CLANG_WARN_RANGE_LOOP_ANALYSIS = YES;
				CLANG_WARN_STRICT_PROTOTYPES = YES;
				CLANG_WARN_SUSPICIOUS_MOVE = YES;
				CLANG_WARN_UNGUARDED_AVAILABILITY = YES_AGGRESSIVE;
				CLANG_WARN_UNREACHABLE_CODE = YES;
				CLANG_WARN__DUPLICATE_METHOD_MATCH = YES;
				COPY_PHASE_STRIP = NO;
				DEBUG_INFORMATION_FORMAT = dwarf;
				ENABLE_STRICT_OBJC_MSGSEND = YES;
				ENABLE_TESTABILITY = YES;
				GCC_C_LANGUAGE_STANDARD = gnu11;
				GCC_DYNAMIC_NO_PIC = NO;
				GCC_NO_COMMON_BLOCKS = YES;
				GCC_OPTIMIZATION_LEVEL = 0;
				GCC_PREPROCESSOR_DEFINITIONS = (
					"DEBUG=1",
					"$(inherited)",
				);
				GCC_WARN_64_TO_32_BIT_CONVERSION = YES;
				GCC_WARN_ABOUT_RETURN_TYPE = YES_ERROR;
				GCC_WARN_UNDECLARED_SELECTOR = YES;
				GCC_WARN_UNINITIALIZED_AUTOS = YES_AGGRESSIVE;
				GCC_WARN_UNUSED_FUNCTION = YES;
				GCC_WARN_UNUSED_VARIABLE = YES;
				MTL_ENABLE_DEBUG_INFO = INCLUDE_SOURCE;
				MTL_FAST_MATH = YES;
				ONLY_ACTIVE_ARCH = YES;
				SWIFT_ACTIVE_COMPILATION_CONDITIONS = DEBUG;
				SWIFT_OPTIMIZATION_LEVEL = "-Onone";
			};
			name = Debug;
		};
		97E962E82EE18977006E7707 /* Release */ = {
			isa = XCBuildConfiguration;
			buildSettings = {
				ALWAYS_SEARCH_USER_PATHS = NO;
				CLANG_ANALYZER_NONNULL = YES;
				CLANG_ANALYZER_NUMBER_OBJECT_CONVERSION = YES_AGGRESSIVE;
				CLANG_CXX_LANGUAGE_STANDARD = "gnu++20";
				CLANG_ENABLE_MODULES = YES;
				CLANG_ENABLE_OBJC_ARC = YES;
				CLANG_ENABLE_OBJC_WEAK = YES;
				CLANG_WARN_BLOCK_CAPTURE_AUTORELEASING = YES;
				CLANG_WARN_BOOL_CONVERSION = YES;
				CLANG_WARN_COMMA = YES;
				CLANG_WARN_CONSTANT_CONVERSION = YES;
				CLANG_WARN_DEPRECATED_OBJC_IMPLEMENTATIONS = YES;
				CLANG_WARN_DIRECT_OBJC_ISA_USAGE = YES_ERROR;
				CLANG_WARN_DOCUMENTATION_COMMENTS = YES;
				CLANG_WARN_EMPTY_BODY = YES;
				CLANG_WARN_ENUM_CONVERSION = YES;
				CLANG_WARN_INFINITE_RECURSION = YES;
				CLANG_WARN_INT_CONVERSION = YES;
				CLANG_WARN_NON_LITERAL_NULL_CONVERSION = YES;
				CLANG_WARN_OBJC_IMPLICIT_RETAIN_SELF = YES;
				CLANG_WARN_OBJC_LITERAL_CONVERSION = YES;
				CLANG_WARN_OBJC_ROOT_CLASS = YES_ERROR;
				CLANG_WARN_QUOTED_INCLUDE_IN_FRAMEWORK_HEADER = YES;
				CLANG_WARN_RANGE_LOOP_ANALYSIS = YES;
				CLANG_WARN_STRICT_PROTOTYPES = YES;
				CLANG_WARN_SUSPICIOUS_MOVE = YES;
				CLANG_WARN_UNGUARDED_AVAILABILITY = YES_AGGRESSIVE;
				CLANG_WARN_UNREACHABLE_CODE = YES;
				CLANG_WARN__DUPLICATE_METHOD_MATCH = YES;
				COPY_PHASE_STRIP = NO;
				DEBUG_INFORMATION_FORMAT = "dwarf-with-dsym";
				ENABLE_NS_ASSERTIONS = NO;
				ENABLE_STRICT_OBJC_MSGSEND = YES;
				GCC_C_LANGUAGE_STANDARD = gnu11;
				GCC_NO_COMMON_BLOCKS = YES;
				GCC_WARN_64_TO_32_BIT_CONVERSION = YES;
				GCC_WARN_ABOUT_RETURN_TYPE = YES_ERROR;
				GCC_WARN_UNDECLARED_SELECTOR = YES;
				GCC_WARN_UNINITIALIZED_AUTOS = YES_AGGRESSIVE;
				GCC_WARN_UNUSED_FUNCTION = YES;
				GCC_WARN_UNUSED_VARIABLE = YES;
				MTL_ENABLE_DEBUG_INFO = NO;
				MTL_FAST_MATH = YES;
				SWIFT_COMPILATION_MODE = wholemodule;
				SWIFT_OPTIMIZATION_LEVEL = "-O";
			};
			name = Release;
		};
		97E962EA2EE18977006E7707 /* Debug */ = {
			isa = XCBuildConfiguration;
			buildSettings = {
				ASSETCATALOG_COMPILER_APPICON_NAME = AppIcon;
				ASSETCATALOG_COMPILER_GLOBAL_ACCENT_COLOR_NAME = AccentColor;
				CODE_SIGN_ALLOW_ENTITLEMENTS_MODIFICATION = Yes;
				CODE_SIGN_ENTITLEMENTS = TurnosHospi_IOS/TurnosHospi_IOS.entitlements;
				CODE_SIGN_STYLE = Automatic;
				CURRENT_PROJECT_VERSION = 1;
				DEVELOPMENT_ASSET_PATHS = "\"TurnosHospi_IOS/Preview Content\"";
				DEVELOPMENT_TEAM = K4WSVHZ4S7;
				ENABLE_HARDENED_RUNTIME = YES;
				ENABLE_PREVIEWS = YES;
				GENERATE_INFOPLIST_FILE = YES;
				"INFOPLIST_KEY_UIApplicationSceneManifest_Generation[sdk=iphoneos*]" = YES;
				"INFOPLIST_KEY_UIApplicationSceneManifest_Generation[sdk=iphonesimulator*]" = YES;
				"INFOPLIST_KEY_UIApplicationSupportsIndirectInputEvents[sdk=iphoneos*]" = YES;
				"INFOPLIST_KEY_UIApplicationSupportsIndirectInputEvents[sdk=iphonesimulator*]" = YES;
				"INFOPLIST_KEY_UILaunchScreen_Generation[sdk=iphoneos*]" = YES;
				"INFOPLIST_KEY_UILaunchScreen_Generation[sdk=iphonesimulator*]" = YES;
				"INFOPLIST_KEY_UIStatusBarStyle[sdk=iphoneos*]" = UIStatusBarStyleDefault;
				"INFOPLIST_KEY_UIStatusBarStyle[sdk=iphonesimulator*]" = UIStatusBarStyleDefault;
				INFOPLIST_KEY_UISupportedInterfaceOrientations_iPad = "UIInterfaceOrientationPortrait UIInterfaceOrientationPortraitUpsideDown UIInterfaceOrientationLandscapeLeft UIInterfaceOrientationLandscapeRight";
				INFOPLIST_KEY_UISupportedInterfaceOrientations_iPhone = "UIInterfaceOrientationPortrait UIInterfaceOrientationLandscapeLeft UIInterfaceOrientationLandscapeRight";
				IPHONEOS_DEPLOYMENT_TARGET = 16.4;
				LD_RUNPATH_SEARCH_PATHS = "@executable_path/Frameworks";
				"LD_RUNPATH_SEARCH_PATHS[sdk=macosx*]" = "@executable_path/../Frameworks";
				MACOSX_DEPLOYMENT_TARGET = 13.3;
				MARKETING_VERSION = 1.0;
				PRODUCT_BUNDLE_IDENTIFIER = "Sote4.TurnosHospi-IOS";
				PRODUCT_NAME = "$(TARGET_NAME)";
				SDKROOT = auto;
				SUPPORTED_PLATFORMS = "iphoneos iphonesimulator macosx";
				SWIFT_EMIT_LOC_STRINGS = YES;
				SWIFT_VERSION = 5.0;
				TARGETED_DEVICE_FAMILY = "1,2";
			};
			name = Debug;
		};
		97E962EB2EE18977006E7707 /* Release */ = {
			isa = XCBuildConfiguration;
			buildSettings = {
				ASSETCATALOG_COMPILER_APPICON_NAME = AppIcon;
				ASSETCATALOG_COMPILER_GLOBAL_ACCENT_COLOR_NAME = AccentColor;
				CODE_SIGN_ALLOW_ENTITLEMENTS_MODIFICATION = Yes;
				CODE_SIGN_ENTITLEMENTS = TurnosHospi_IOS/TurnosHospi_IOS.entitlements;
				CODE_SIGN_STYLE = Automatic;
				CURRENT_PROJECT_VERSION = 1;
				DEVELOPMENT_ASSET_PATHS = "\"TurnosHospi_IOS/Preview Content\"";
				DEVELOPMENT_TEAM = K4WSVHZ4S7;
				ENABLE_HARDENED_RUNTIME = YES;
				ENABLE_PREVIEWS = YES;
				GENERATE_INFOPLIST_FILE = YES;
				"INFOPLIST_KEY_UIApplicationSceneManifest_Generation[sdk=iphoneos*]" = YES;
				"INFOPLIST_KEY_UIApplicationSceneManifest_Generation[sdk=iphonesimulator*]" = YES;
				"INFOPLIST_KEY_UIApplicationSupportsIndirectInputEvents[sdk=iphoneos*]" = YES;
				"INFOPLIST_KEY_UIApplicationSupportsIndirectInputEvents[sdk=iphonesimulator*]" = YES;
				"INFOPLIST_KEY_UILaunchScreen_Generation[sdk=iphoneos*]" = YES;
				"INFOPLIST_KEY_UILaunchScreen_Generation[sdk=iphonesimulator*]" = YES;
				"INFOPLIST_KEY_UIStatusBarStyle[sdk=iphoneos*]" = UIStatusBarStyleDefault;
				"INFOPLIST_KEY_UIStatusBarStyle[sdk=iphonesimulator*]" = UIStatusBarStyleDefault;
				INFOPLIST_KEY_UISupportedInterfaceOrientations_iPad = "UIInterfaceOrientationPortrait UIInterfaceOrientationPortraitUpsideDown UIInterfaceOrientationLandscapeLeft UIInterfaceOrientationLandscapeRight";
				INFOPLIST_KEY_UISupportedInterfaceOrientations_iPhone = "UIInterfaceOrientationPortrait UIInterfaceOrientationLandscapeLeft UIInterfaceOrientationLandscapeRight";
				IPHONEOS_DEPLOYMENT_TARGET = 16.4;
				LD_RUNPATH_SEARCH_PATHS = "@executable_path/Frameworks";
				"LD_RUNPATH_SEARCH_PATHS[sdk=macosx*]" = "@executable_path/../Frameworks";
				MACOSX_DEPLOYMENT_TARGET = 13.3;
				MARKETING_VERSION = 1.0;
				PRODUCT_BUNDLE_IDENTIFIER = "Sote4.TurnosHospi-IOS";
				PRODUCT_NAME = "$(TARGET_NAME)";
				SDKROOT = auto;
				SUPPORTED_PLATFORMS = "iphoneos iphonesimulator macosx";
				SWIFT_EMIT_LOC_STRINGS = YES;
				SWIFT_VERSION = 5.0;
				TARGETED_DEVICE_FAMILY = "1,2";
			};
			name = Release;
		};
		97E962ED2EE18977006E7707 /* Debug */ = {
			isa = XCBuildConfiguration;
			buildSettings = {
				ALWAYS_EMBED_SWIFT_STANDARD_LIBRARIES = YES;
				BUNDLE_LOADER = "$(TEST_HOST)";
				CLANG_ENABLE_MODULES = YES;
				CODE_SIGN_STYLE = Automatic;
				CURRENT_PROJECT_VERSION = 1;
				DEVELOPMENT_TEAM = K4WSVHZ4S7;
				GENERATE_INFOPLIST_FILE = YES;
				IPHONEOS_DEPLOYMENT_TARGET = 16.4;
				MACOSX_DEPLOYMENT_TARGET = 13.3;
				MARKETING_VERSION = 1.0;
				PRODUCT_BUNDLE_IDENTIFIER = "Sote4.TurnosHospi-IOSTests";
				PRODUCT_NAME = "$(TARGET_NAME)";
				SDKROOT = auto;
				SUPPORTED_PLATFORMS = "iphoneos iphonesimulator macosx";
				SWIFT_EMIT_LOC_STRINGS = NO;
				SWIFT_OBJC_BRIDGING_HEADER = "TurnosHospi_IOSTests/TurnosHospi_IOSTests-Bridging-Header.h";
				SWIFT_OPTIMIZATION_LEVEL = "-Onone";
				SWIFT_VERSION = 5.0;
				TARGETED_DEVICE_FAMILY = "1,2";
				TEST_HOST = "$(BUILT_PRODUCTS_DIR)/TurnosHospi_IOS.app/$(BUNDLE_EXECUTABLE_FOLDER_PATH)/TurnosHospi_IOS";
			};
			name = Debug;
		};
		97E962EE2EE18977006E7707 /* Release */ = {
			isa = XCBuildConfiguration;
			buildSettings = {
				ALWAYS_EMBED_SWIFT_STANDARD_LIBRARIES = YES;
				BUNDLE_LOADER = "$(TEST_HOST)";
				CLANG_ENABLE_MODULES = YES;
				CODE_SIGN_STYLE = Automatic;
				CURRENT_PROJECT_VERSION = 1;
				DEVELOPMENT_TEAM = K4WSVHZ4S7;
				GENERATE_INFOPLIST_FILE = YES;
				IPHONEOS_DEPLOYMENT_TARGET = 16.4;
				MACOSX_DEPLOYMENT_TARGET = 13.3;
				MARKETING_VERSION = 1.0;
				PRODUCT_BUNDLE_IDENTIFIER = "Sote4.TurnosHospi-IOSTests";
				PRODUCT_NAME = "$(TARGET_NAME)";
				SDKROOT = auto;
				SUPPORTED_PLATFORMS = "iphoneos iphonesimulator macosx";
				SWIFT_EMIT_LOC_STRINGS = NO;
				SWIFT_OBJC_BRIDGING_HEADER = "TurnosHospi_IOSTests/TurnosHospi_IOSTests-Bridging-Header.h";
				SWIFT_VERSION = 5.0;
				TARGETED_DEVICE_FAMILY = "1,2";
				TEST_HOST = "$(BUILT_PRODUCTS_DIR)/TurnosHospi_IOS.app/$(BUNDLE_EXECUTABLE_FOLDER_PATH)/TurnosHospi_IOS";
			};
			name = Release;
		};
		97E962F02EE18977006E7707 /* Debug */ = {
			isa = XCBuildConfiguration;
			buildSettings = {
				ALWAYS_EMBED_SWIFT_STANDARD_LIBRARIES = YES;
				CODE_SIGN_STYLE = Automatic;
				CURRENT_PROJECT_VERSION = 1;
				DEVELOPMENT_TEAM = K4WSVHZ4S7;
				GENERATE_INFOPLIST_FILE = YES;
				IPHONEOS_DEPLOYMENT_TARGET = 16.4;
				MACOSX_DEPLOYMENT_TARGET = 13.3;
				MARKETING_VERSION = 1.0;
				PRODUCT_BUNDLE_IDENTIFIER = "Sote4.TurnosHospi-IOSUITests";
				PRODUCT_NAME = "$(TARGET_NAME)";
				SDKROOT = auto;
				SUPPORTED_PLATFORMS = "iphoneos iphonesimulator macosx";
				SWIFT_EMIT_LOC_STRINGS = NO;
				SWIFT_VERSION = 5.0;
				TARGETED_DEVICE_FAMILY = "1,2";
				TEST_TARGET_NAME = TurnosHospi_IOS;
			};
			name = Debug;
		};
		97E962F12EE18977006E7707 /* Release */ = {
			isa = XCBuildConfiguration;
			buildSettings = {
				ALWAYS_EMBED_SWIFT_STANDARD_LIBRARIES = YES;
				CODE_SIGN_STYLE = Automatic;
				CURRENT_PROJECT_VERSION = 1;
				DEVELOPMENT_TEAM = K4WSVHZ4S7;
				GENERATE_INFOPLIST_FILE = YES;
				IPHONEOS_DEPLOYMENT_TARGET = 16.4;
				MACOSX_DEPLOYMENT_TARGET = 13.3;
				MARKETING_VERSION = 1.0;
				PRODUCT_BUNDLE_IDENTIFIER = "Sote4.TurnosHospi-IOSUITests";
				PRODUCT_NAME = "$(TARGET_NAME)";
				SDKROOT = auto;
				SUPPORTED_PLATFORMS = "iphoneos iphonesimulator macosx";
				SWIFT_EMIT_LOC_STRINGS = NO;
				SWIFT_VERSION = 5.0;
				TARGETED_DEVICE_FAMILY = "1,2";
				TEST_TARGET_NAME = TurnosHospi_IOS;
			};
			name = Release;
		};
/* End XCBuildConfiguration section */

/* Begin XCConfigurationList section */
		97E962BF2EE18973006E7707 /* Build configuration list for PBXProject "TurnosHospi_IOS" */ = {
			isa = XCConfigurationList;
			buildConfigurations = (
				97E962E72EE18977006E7707 /* Debug */,
				97E962E82EE18977006E7707 /* Release */,
			);
			defaultConfigurationIsVisible = 0;
			defaultConfigurationName = Release;
		};
		97E962E92EE18977006E7707 /* Build configuration list for PBXNativeTarget "TurnosHospi_IOS" */ = {
			isa = XCConfigurationList;
			buildConfigurations = (
				97E962EA2EE18977006E7707 /* Debug */,
				97E962EB2EE18977006E7707 /* Release */,
			);
			defaultConfigurationIsVisible = 0;
			defaultConfigurationName = Release;
		};
		97E962EC2EE18977006E7707 /* Build configuration list for PBXNativeTarget "TurnosHospi_IOSTests" */ = {
			isa = XCConfigurationList;
			buildConfigurations = (
				97E962ED2EE18977006E7707 /* Debug */,
				97E962EE2EE18977006E7707 /* Release */,
			);
			defaultConfigurationIsVisible = 0;
			defaultConfigurationName = Release;
		};
		97E962EF2EE18977006E7707 /* Build configuration list for PBXNativeTarget "TurnosHospi_IOSUITests" */ = {
			isa = XCConfigurationList;
			buildConfigurations = (
				97E962F02EE18977006E7707 /* Debug */,
				97E962F12EE18977006E7707 /* Release */,
			);
			defaultConfigurationIsVisible = 0;
			defaultConfigurationName = Release;
		};
/* End XCConfigurationList section */

/* Begin XCRemoteSwiftPackageReference section */
		97D023C12EE1B73600D9D1D1 /* XCRemoteSwiftPackageReference "firebase-ios-sdk" */ = {
			isa = XCRemoteSwiftPackageReference;
			repositoryURL = "https://github.com/firebase/firebase-ios-sdk";
			requirement = {
				kind = upToNextMajorVersion;
				minimumVersion = 10.29.0;
			};
		};
/* End XCRemoteSwiftPackageReference section */

/* Begin XCSwiftPackageProductDependency section */
		97D023C22EE1B73600D9D1D1 /* FirebaseAuth */ = {
			isa = XCSwiftPackageProductDependency;
			package = 97D023C12EE1B73600D9D1D1 /* XCRemoteSwiftPackageReference "firebase-ios-sdk" */;
			productName = FirebaseAuth;
		};
		97D023C42EE1B73600D9D1D1 /* FirebaseDatabase */ = {
			isa = XCSwiftPackageProductDependency;
			package = 97D023C12EE1B73600D9D1D1 /* XCRemoteSwiftPackageReference "firebase-ios-sdk" */;
			productName = FirebaseDatabase;
		};
		97D023C62EE1B73600D9D1D1 /* FirebaseMessaging */ = {
			isa = XCSwiftPackageProductDependency;
			package = 97D023C12EE1B73600D9D1D1 /* XCRemoteSwiftPackageReference "firebase-ios-sdk" */;
			productName = FirebaseMessaging;
		};
/* End XCSwiftPackageProductDependency section */
	};
	rootObject = 97E962BC2EE18973006E7707 /* Project object */;
}
